// !$*UTF8*$!
{
	archiveVersion = 1;
	classes = {
	};
	objectVersion = 56;
	objects = {

/* Begin PBXBuildFile section */
		3FB567302CA2D52400C746F8 /* BUSView.swift in Sources */ = {isa = PBXBuildFile; fileRef = 3FB5672F2CA2D51300C746F8 /* BUSView.swift */; };
		469FC3B52C69EB7A00C7B4DC /* AbracadabraApp.swift in Sources */ = {isa = PBXBuildFile; fileRef = 469FC3B42C69EB7A00C7B4DC /* AbracadabraApp.swift */; };
		469FC3B72C69EB7A00C7B4DC /* ContentView.swift in Sources */ = {isa = PBXBuildFile; fileRef = 469FC3B62C69EB7A00C7B4DC /* ContentView.swift */; };
		469FC3B92C69EB7A00C7B4DC /* Item.swift in Sources */ = {isa = PBXBuildFile; fileRef = 469FC3B82C69EB7A00C7B4DC /* Item.swift */; };
		469FC3BB2C69EB7A00C7B4DC /* Assets.xcassets in Resources */ = {isa = PBXBuildFile; fileRef = 469FC3BA2C69EB7A00C7B4DC /* Assets.xcassets */; };
		469FC3BF2C69EB7A00C7B4DC /* Preview Assets.xcassets in Resources */ = {isa = PBXBuildFile; fileRef = 469FC3BE2C69EB7A00C7B4DC /* Preview Assets.xcassets */; };
		469FC3C62C69EBB700C7B4DC /* CameraView.swift in Sources */ = {isa = PBXBuildFile; fileRef = 469FC3C52C69EBB600C7B4DC /* CameraView.swift */; };
		469FC3CE2C69EFAA00C7B4DC /* LocationManager.swift in Sources */ = {isa = PBXBuildFile; fileRef = 469FC3CD2C69EFAA00C7B4DC /* LocationManager.swift */; };
		469FC3D22C69F0A600C7B4DC /* DepthDataView.swift in Sources */ = {isa = PBXBuildFile; fileRef = 469FC3D12C69F0A600C7B4DC /* DepthDataView.swift */; };
		469FC3D42C69F64300C7B4DC /* ARDepthCameraView.swift in Sources */ = {isa = PBXBuildFile; fileRef = 469FC3D32C69F64300C7B4DC /* ARDepthCameraView.swift */; };
		469FC3D62C6A807500C7B4DC /* MotionDataView.swift in Sources */ = {isa = PBXBuildFile; fileRef = 469FC3D52C6A807500C7B4DC /* MotionDataView.swift */; };
		469FC3D82C6A82E700C7B4DC /* MotionDataDisplayView.swift in Sources */ = {isa = PBXBuildFile; fileRef = 469FC3D72C6A82E700C7B4DC /* MotionDataDisplayView.swift */; };
		469FC3DC2C6A8A0300C7B4DC /* WebSocketManager.swift in Sources */ = {isa = PBXBuildFile; fileRef = 469FC3DB2C6A8A0300C7B4DC /* WebSocketManager.swift */; };
		9766C623F1896E97F5A815F0 /* Pods_Abracadabra.framework in Frameworks */ = {isa = PBXBuildFile; fileRef = D0B7E53CAD72C1F07ADE9FB1 /* Pods_Abracadabra.framework */; };
/* End PBXBuildFile section */

/* Begin PBXFileReference section */
		0D189B25CCCE2FA55F3B2D6E /* Pods-Abracadabra.debug.xcconfig */ = {isa = PBXFileReference; includeInIndex = 1; lastKnownFileType = text.xcconfig; name = "Pods-Abracadabra.debug.xcconfig"; path = "Target Support Files/Pods-Abracadabra/Pods-Abracadabra.debug.xcconfig"; sourceTree = "<group>"; };
		3F54826D2C8B174B00D7A257 /* Info.plist */ = {isa = PBXFileReference; lastKnownFileType = text.plist; path = Info.plist; sourceTree = "<group>"; };
		3FB5672F2CA2D51300C746F8 /* BUSView.swift */ = {isa = PBXFileReference; lastKnownFileType = sourcecode.swift; path = BUSView.swift; sourceTree = "<group>"; };
		469FC3B12C69EB7A00C7B4DC /* Abracadabra.app */ = {isa = PBXFileReference; explicitFileType = wrapper.application; includeInIndex = 0; path = Abracadabra.app; sourceTree = BUILT_PRODUCTS_DIR; };
		469FC3B42C69EB7A00C7B4DC /* AbracadabraApp.swift */ = {isa = PBXFileReference; lastKnownFileType = sourcecode.swift; path = AbracadabraApp.swift; sourceTree = "<group>"; };
		469FC3B62C69EB7A00C7B4DC /* ContentView.swift */ = {isa = PBXFileReference; lastKnownFileType = sourcecode.swift; path = ContentView.swift; sourceTree = "<group>"; };
		469FC3B82C69EB7A00C7B4DC /* Item.swift */ = {isa = PBXFileReference; lastKnownFileType = sourcecode.swift; path = Item.swift; sourceTree = "<group>"; };
		469FC3BA2C69EB7A00C7B4DC /* Assets.xcassets */ = {isa = PBXFileReference; lastKnownFileType = folder.assetcatalog; path = Assets.xcassets; sourceTree = "<group>"; };
		469FC3BC2C69EB7A00C7B4DC /* Abracadabra.entitlements */ = {isa = PBXFileReference; lastKnownFileType = text.plist.entitlements; path = Abracadabra.entitlements; sourceTree = "<group>"; };
		469FC3BE2C69EB7A00C7B4DC /* Preview Assets.xcassets */ = {isa = PBXFileReference; lastKnownFileType = folder.assetcatalog; path = "Preview Assets.xcassets"; sourceTree = "<group>"; };
		469FC3C52C69EBB600C7B4DC /* CameraView.swift */ = {isa = PBXFileReference; lastKnownFileType = sourcecode.swift; path = CameraView.swift; sourceTree = "<group>"; };
		469FC3CD2C69EFAA00C7B4DC /* LocationManager.swift */ = {isa = PBXFileReference; lastKnownFileType = sourcecode.swift; path = LocationManager.swift; sourceTree = "<group>"; };
		469FC3D12C69F0A600C7B4DC /* DepthDataView.swift */ = {isa = PBXFileReference; lastKnownFileType = sourcecode.swift; path = DepthDataView.swift; sourceTree = "<group>"; };
		469FC3D32C69F64300C7B4DC /* ARDepthCameraView.swift */ = {isa = PBXFileReference; lastKnownFileType = sourcecode.swift; path = ARDepthCameraView.swift; sourceTree = "<group>"; };
		469FC3D52C6A807500C7B4DC /* MotionDataView.swift */ = {isa = PBXFileReference; lastKnownFileType = sourcecode.swift; path = MotionDataView.swift; sourceTree = "<group>"; };
		469FC3D72C6A82E700C7B4DC /* MotionDataDisplayView.swift */ = {isa = PBXFileReference; lastKnownFileType = sourcecode.swift; path = MotionDataDisplayView.swift; sourceTree = "<group>"; };
		469FC3DB2C6A8A0300C7B4DC /* WebSocketManager.swift */ = {isa = PBXFileReference; lastKnownFileType = sourcecode.swift; path = WebSocketManager.swift; sourceTree = "<group>"; };
		9E19278D06B145D3CF4350A3 /* Pods-Abracadabra.release.xcconfig */ = {isa = PBXFileReference; includeInIndex = 1; lastKnownFileType = text.xcconfig; name = "Pods-Abracadabra.release.xcconfig"; path = "Target Support Files/Pods-Abracadabra/Pods-Abracadabra.release.xcconfig"; sourceTree = "<group>"; };
		D0B7E53CAD72C1F07ADE9FB1 /* Pods_Abracadabra.framework */ = {isa = PBXFileReference; explicitFileType = wrapper.framework; includeInIndex = 0; path = Pods_Abracadabra.framework; sourceTree = BUILT_PRODUCTS_DIR; };
/* End PBXFileReference section */

/* Begin PBXFrameworksBuildPhase section */
		469FC3AE2C69EB7A00C7B4DC /* Frameworks */ = {
			isa = PBXFrameworksBuildPhase;
			buildActionMask = 2147483647;
			files = (
				9766C623F1896E97F5A815F0 /* Pods_Abracadabra.framework in Frameworks */,
			);
			runOnlyForDeploymentPostprocessing = 0;
		};
/* End PBXFrameworksBuildPhase section */

/* Begin PBXGroup section */
		09DE7F1975FFC2C267E34AFF /* Frameworks */ = {
			isa = PBXGroup;
			children = (
				D0B7E53CAD72C1F07ADE9FB1 /* Pods_Abracadabra.framework */,
			);
			name = Frameworks;
			sourceTree = "<group>";
		};
		469FC3A82C69EB7A00C7B4DC = {
			isa = PBXGroup;
			children = (
				469FC3B32C69EB7A00C7B4DC /* Abracadabra */,
				469FC3B22C69EB7A00C7B4DC /* Products */,
				6F479D28EBCC5DED4BC3CAFE /* Pods */,
				09DE7F1975FFC2C267E34AFF /* Frameworks */,
			);
			sourceTree = "<group>";
		};
		469FC3B22C69EB7A00C7B4DC /* Products */ = {
			isa = PBXGroup;
			children = (
				469FC3B12C69EB7A00C7B4DC /* Abracadabra.app */,
			);
			name = Products;
			sourceTree = "<group>";
		};
		469FC3B32C69EB7A00C7B4DC /* Abracadabra */ = {
			isa = PBXGroup;
			children = (
				3FB5672F2CA2D51300C746F8 /* BUSView.swift */,
				3F54826D2C8B174B00D7A257 /* Info.plist */,
				469FC3B42C69EB7A00C7B4DC /* AbracadabraApp.swift */,
				469FC3D12C69F0A600C7B4DC /* DepthDataView.swift */,
				469FC3D32C69F64300C7B4DC /* ARDepthCameraView.swift */,
				469FC3B62C69EB7A00C7B4DC /* ContentView.swift */,
				469FC3B82C69EB7A00C7B4DC /* Item.swift */,
				469FC3BA2C69EB7A00C7B4DC /* Assets.xcassets */,
				469FC3BC2C69EB7A00C7B4DC /* Abracadabra.entitlements */,
				469FC3BD2C69EB7A00C7B4DC /* Preview Content */,
				469FC3C52C69EBB600C7B4DC /* CameraView.swift */,
				469FC3CD2C69EFAA00C7B4DC /* LocationManager.swift */,
				469FC3D52C6A807500C7B4DC /* MotionDataView.swift */,
				469FC3D72C6A82E700C7B4DC /* MotionDataDisplayView.swift */,
				469FC3DB2C6A8A0300C7B4DC /* WebSocketManager.swift */,
			);
			path = Abracadabra;
			sourceTree = "<group>";
		};
		469FC3BD2C69EB7A00C7B4DC /* Preview Content */ = {
			isa = PBXGroup;
			children = (
				469FC3BE2C69EB7A00C7B4DC /* Preview Assets.xcassets */,
			);
			path = "Preview Content";
			sourceTree = "<group>";
		};
		6F479D28EBCC5DED4BC3CAFE /* Pods */ = {
			isa = PBXGroup;
			children = (
				0D189B25CCCE2FA55F3B2D6E /* Pods-Abracadabra.debug.xcconfig */,
				9E19278D06B145D3CF4350A3 /* Pods-Abracadabra.release.xcconfig */,
			);
			path = Pods;
			sourceTree = "<group>";
		};
/* End PBXGroup section */

/* Begin PBXNativeTarget section */
		469FC3B02C69EB7A00C7B4DC /* Abracadabra */ = {
			isa = PBXNativeTarget;
			buildConfigurationList = 469FC3C22C69EB7A00C7B4DC /* Build configuration list for PBXNativeTarget "Abracadabra" */;
			buildPhases = (
				BD3879DAB3F1CE648CD02D78 /* [CP] Check Pods Manifest.lock */,
				469FC3AD2C69EB7A00C7B4DC /* Sources */,
				469FC3AE2C69EB7A00C7B4DC /* Frameworks */,
				469FC3AF2C69EB7A00C7B4DC /* Resources */,
				978B38369043DCF7BFBA0DEF /* [CP] Embed Pods Frameworks */,
			);
			buildRules = (
			);
			dependencies = (
			);
			name = Abracadabra;
			productName = Abracadabra;
			productReference = 469FC3B12C69EB7A00C7B4DC /* Abracadabra.app */;
			productType = "com.apple.product-type.application";
		};
/* End PBXNativeTarget section */

/* Begin PBXProject section */
		469FC3A92C69EB7A00C7B4DC /* Project object */ = {
			isa = PBXProject;
			attributes = {
				BuildIndependentTargetsInParallel = 1;
				LastSwiftUpdateCheck = 1540;
				LastUpgradeCheck = 1540;
				TargetAttributes = {
					469FC3B02C69EB7A00C7B4DC = {
						CreatedOnToolsVersion = 15.4;
					};
				};
			};
			buildConfigurationList = 469FC3AC2C69EB7A00C7B4DC /* Build configuration list for PBXProject "Abracadabra" */;
			compatibilityVersion = "Xcode 14.0";
			developmentRegion = en;
			hasScannedForEncodings = 0;
			knownRegions = (
				en,
				Base,
			);
			mainGroup = 469FC3A82C69EB7A00C7B4DC;
			productRefGroup = 469FC3B22C69EB7A00C7B4DC /* Products */;
			projectDirPath = "";
			projectRoot = "";
			targets = (
				469FC3B02C69EB7A00C7B4DC /* Abracadabra */,
			);
		};
/* End PBXProject section */

/* Begin PBXResourcesBuildPhase section */
		469FC3AF2C69EB7A00C7B4DC /* Resources */ = {
			isa = PBXResourcesBuildPhase;
			buildActionMask = 2147483647;
			files = (
				469FC3BF2C69EB7A00C7B4DC /* Preview Assets.xcassets in Resources */,
				469FC3BB2C69EB7A00C7B4DC /* Assets.xcassets in Resources */,
			);
			runOnlyForDeploymentPostprocessing = 0;
		};
/* End PBXResourcesBuildPhase section */

/* Begin PBXShellScriptBuildPhase section */
		978B38369043DCF7BFBA0DEF /* [CP] Embed Pods Frameworks */ = {
			isa = PBXShellScriptBuildPhase;
			buildActionMask = 2147483647;
			files = (
			);
			inputFileListPaths = (
				"${PODS_ROOT}/Target Support Files/Pods-Abracadabra/Pods-Abracadabra-frameworks-${CONFIGURATION}-input-files.xcfilelist",
			);
			name = "[CP] Embed Pods Frameworks";
			outputFileListPaths = (
				"${PODS_ROOT}/Target Support Files/Pods-Abracadabra/Pods-Abracadabra-frameworks-${CONFIGURATION}-output-files.xcfilelist",
			);
			runOnlyForDeploymentPostprocessing = 0;
			shellPath = /bin/sh;
			shellScript = "\"${PODS_ROOT}/Target Support Files/Pods-Abracadabra/Pods-Abracadabra-frameworks.sh\"\n";
			showEnvVarsInLog = 0;
		};
		BD3879DAB3F1CE648CD02D78 /* [CP] Check Pods Manifest.lock */ = {
			isa = PBXShellScriptBuildPhase;
			buildActionMask = 2147483647;
			files = (
			);
			inputFileListPaths = (
			);
			inputPaths = (
				"${PODS_PODFILE_DIR_PATH}/Podfile.lock",
				"${PODS_ROOT}/Manifest.lock",
			);
			name = "[CP] Check Pods Manifest.lock";
			outputFileListPaths = (
			);
			outputPaths = (
				"$(DERIVED_FILE_DIR)/Pods-Abracadabra-checkManifestLockResult.txt",
			);
			runOnlyForDeploymentPostprocessing = 0;
			shellPath = /bin/sh;
			shellScript = "diff \"${PODS_PODFILE_DIR_PATH}/Podfile.lock\" \"${PODS_ROOT}/Manifest.lock\" > /dev/null\nif [ $? != 0 ] ; then\n    # print error to STDERR\n    echo \"error: The sandbox is not in sync with the Podfile.lock. Run 'pod install' or update your CocoaPods installation.\" >&2\n    exit 1\nfi\n# This output is used by Xcode 'outputs' to avoid re-running this script phase.\necho \"SUCCESS\" > \"${SCRIPT_OUTPUT_FILE_0}\"\n";
			showEnvVarsInLog = 0;
		};
/* End PBXShellScriptBuildPhase section */

/* Begin PBXSourcesBuildPhase section */
		469FC3AD2C69EB7A00C7B4DC /* Sources */ = {
			isa = PBXSourcesBuildPhase;
			buildActionMask = 2147483647;
			files = (
				469FC3D42C69F64300C7B4DC /* ARDepthCameraView.swift in Sources */,
				469FC3DC2C6A8A0300C7B4DC /* WebSocketManager.swift in Sources */,
				469FC3B72C69EB7A00C7B4DC /* ContentView.swift in Sources */,
				469FC3D62C6A807500C7B4DC /* MotionDataView.swift in Sources */,
				469FC3B92C69EB7A00C7B4DC /* Item.swift in Sources */,
				469FC3D82C6A82E700C7B4DC /* MotionDataDisplayView.swift in Sources */,
				3FB567302CA2D52400C746F8 /* BUSView.swift in Sources */,
				469FC3D22C69F0A600C7B4DC /* DepthDataView.swift in Sources */,
				469FC3CE2C69EFAA00C7B4DC /* LocationManager.swift in Sources */,
				469FC3B52C69EB7A00C7B4DC /* AbracadabraApp.swift in Sources */,
				469FC3C62C69EBB700C7B4DC /* CameraView.swift in Sources */,
			);
			runOnlyForDeploymentPostprocessing = 0;
		};
/* End PBXSourcesBuildPhase section */

/* Begin XCBuildConfiguration section */
		469FC3C02C69EB7A00C7B4DC /* Debug */ = {
			isa = XCBuildConfiguration;
			buildSettings = {
				ALWAYS_SEARCH_USER_PATHS = NO;
				ASSETCATALOG_COMPILER_GENERATE_SWIFT_ASSET_SYMBOL_EXTENSIONS = YES;
				CLANG_ANALYZER_NONNULL = YES;
				CLANG_ANALYZER_NUMBER_OBJECT_CONVERSION = YES_AGGRESSIVE;
				CLANG_CXX_LANGUAGE_STANDARD = "gnu++20";
				CLANG_ENABLE_MODULES = YES;
				CLANG_ENABLE_OBJC_ARC = YES;
				CLANG_ENABLE_OBJC_WEAK = YES;
				CLANG_WARN_BLOCK_CAPTURE_AUTORELEASING = YES;
				CLANG_WARN_BOOL_CONVERSION = YES;
				CLANG_WARN_COMMA = YES;
				CLANG_WARN_CONSTANT_CONVERSION = YES;
				CLANG_WARN_DEPRECATED_OBJC_IMPLEMENTATIONS = YES;
				CLANG_WARN_DIRECT_OBJC_ISA_USAGE = YES_ERROR;
				CLANG_WARN_DOCUMENTATION_COMMENTS = YES;
				CLANG_WARN_EMPTY_BODY = YES;
				CLANG_WARN_ENUM_CONVERSION = YES;
				CLANG_WARN_INFINITE_RECURSION = YES;
				CLANG_WARN_INT_CONVERSION = YES;
				CLANG_WARN_NON_LITERAL_NULL_CONVERSION = YES;
				CLANG_WARN_OBJC_IMPLICIT_RETAIN_SELF = YES;
				CLANG_WARN_OBJC_LITERAL_CONVERSION = YES;
				CLANG_WARN_OBJC_ROOT_CLASS = YES_ERROR;
				CLANG_WARN_QUOTED_INCLUDE_IN_FRAMEWORK_HEADER = YES;
				CLANG_WARN_RANGE_LOOP_ANALYSIS = YES;
				CLANG_WARN_STRICT_PROTOTYPES = YES;
				CLANG_WARN_SUSPICIOUS_MOVE = YES;
				CLANG_WARN_UNGUARDED_AVAILABILITY = YES_AGGRESSIVE;
				CLANG_WARN_UNREACHABLE_CODE = YES;
				CLANG_WARN__DUPLICATE_METHOD_MATCH = YES;
				COPY_PHASE_STRIP = NO;
				DEBUG_INFORMATION_FORMAT = dwarf;
				ENABLE_STRICT_OBJC_MSGSEND = YES;
				ENABLE_TESTABILITY = YES;
				ENABLE_USER_SCRIPT_SANDBOXING = YES;
				GCC_C_LANGUAGE_STANDARD = gnu17;
				GCC_DYNAMIC_NO_PIC = NO;
				GCC_NO_COMMON_BLOCKS = YES;
				GCC_OPTIMIZATION_LEVEL = 0;
				GCC_PREPROCESSOR_DEFINITIONS = (
					"DEBUG=1",
					"$(inherited)",
				);
				GCC_WARN_64_TO_32_BIT_CONVERSION = YES;
				GCC_WARN_ABOUT_RETURN_TYPE = YES_ERROR;
				GCC_WARN_UNDECLARED_SELECTOR = YES;
				GCC_WARN_UNINITIALIZED_AUTOS = YES_AGGRESSIVE;
				GCC_WARN_UNUSED_FUNCTION = YES;
				GCC_WARN_UNUSED_VARIABLE = YES;
				LOCALIZATION_PREFERS_STRING_CATALOGS = YES;
				MTL_ENABLE_DEBUG_INFO = INCLUDE_SOURCE;
				MTL_FAST_MATH = YES;
				ONLY_ACTIVE_ARCH = YES;
				SWIFT_ACTIVE_COMPILATION_CONDITIONS = "DEBUG $(inherited)";
				SWIFT_OPTIMIZATION_LEVEL = "-Onone";
			};
			name = Debug;
		};
		469FC3C12C69EB7A00C7B4DC /* Release */ = {
			isa = XCBuildConfiguration;
			buildSettings = {
				ALWAYS_SEARCH_USER_PATHS = NO;
				ASSETCATALOG_COMPILER_GENERATE_SWIFT_ASSET_SYMBOL_EXTENSIONS = YES;
				CLANG_ANALYZER_NONNULL = YES;
				CLANG_ANALYZER_NUMBER_OBJECT_CONVERSION = YES_AGGRESSIVE;
				CLANG_CXX_LANGUAGE_STANDARD = "gnu++20";
				CLANG_ENABLE_MODULES = YES;
				CLANG_ENABLE_OBJC_ARC = YES;
				CLANG_ENABLE_OBJC_WEAK = YES;
				CLANG_WARN_BLOCK_CAPTURE_AUTORELEASING = YES;
				CLANG_WARN_BOOL_CONVERSION = YES;
				CLANG_WARN_COMMA = YES;
				CLANG_WARN_CONSTANT_CONVERSION = YES;
				CLANG_WARN_DEPRECATED_OBJC_IMPLEMENTATIONS = YES;
				CLANG_WARN_DIRECT_OBJC_ISA_USAGE = YES_ERROR;
				CLANG_WARN_DOCUMENTATION_COMMENTS = YES;
				CLANG_WARN_EMPTY_BODY = YES;
				CLANG_WARN_ENUM_CONVERSION = YES;
				CLANG_WARN_INFINITE_RECURSION = YES;
				CLANG_WARN_INT_CONVERSION = YES;
				CLANG_WARN_NON_LITERAL_NULL_CONVERSION = YES;
				CLANG_WARN_OBJC_IMPLICIT_RETAIN_SELF = YES;
				CLANG_WARN_OBJC_LITERAL_CONVERSION = YES;
				CLANG_WARN_OBJC_ROOT_CLASS = YES_ERROR;
				CLANG_WARN_QUOTED_INCLUDE_IN_FRAMEWORK_HEADER = YES;
				CLANG_WARN_RANGE_LOOP_ANALYSIS = YES;
				CLANG_WARN_STRICT_PROTOTYPES = YES;
				CLANG_WARN_SUSPICIOUS_MOVE = YES;
				CLANG_WARN_UNGUARDED_AVAILABILITY = YES_AGGRESSIVE;
				CLANG_WARN_UNREACHABLE_CODE = YES;
				CLANG_WARN__DUPLICATE_METHOD_MATCH = YES;
				COPY_PHASE_STRIP = NO;
				DEBUG_INFORMATION_FORMAT = "dwarf-with-dsym";
				ENABLE_NS_ASSERTIONS = NO;
				ENABLE_STRICT_OBJC_MSGSEND = YES;
				ENABLE_USER_SCRIPT_SANDBOXING = YES;
				GCC_C_LANGUAGE_STANDARD = gnu17;
				GCC_NO_COMMON_BLOCKS = YES;
				GCC_WARN_64_TO_32_BIT_CONVERSION = YES;
				GCC_WARN_ABOUT_RETURN_TYPE = YES_ERROR;
				GCC_WARN_UNDECLARED_SELECTOR = YES;
				GCC_WARN_UNINITIALIZED_AUTOS = YES_AGGRESSIVE;
				GCC_WARN_UNUSED_FUNCTION = YES;
				GCC_WARN_UNUSED_VARIABLE = YES;
				LOCALIZATION_PREFERS_STRING_CATALOGS = YES;
				MTL_ENABLE_DEBUG_INFO = NO;
				MTL_FAST_MATH = YES;
				SWIFT_COMPILATION_MODE = wholemodule;
			};
			name = Release;
		};
		469FC3C32C69EB7A00C7B4DC /* Debug */ = {
			isa = XCBuildConfiguration;
			baseConfigurationReference = 0D189B25CCCE2FA55F3B2D6E /* Pods-Abracadabra.debug.xcconfig */;
			buildSettings = {
				ALWAYS_EMBED_SWIFT_STANDARD_LIBRARIES = "$(inherited)";
				ASSETCATALOG_COMPILER_APPICON_NAME = AppIcon;
				ASSETCATALOG_COMPILER_GLOBAL_ACCENT_COLOR_NAME = AccentColor;
				CODE_SIGN_ENTITLEMENTS = Abracadabra/Abracadabra.entitlements;
				CODE_SIGN_STYLE = Automatic;
				CURRENT_PROJECT_VERSION = 1;
				DEVELOPMENT_ASSET_PATHS = "\"Abracadabra/Preview Content\"";
				DEVELOPMENT_TEAM = C6VVD66A2T;
				ENABLE_HARDENED_RUNTIME = YES;
				ENABLE_PREVIEWS = YES;
				ENABLE_USER_SCRIPT_SANDBOXING = NO;
				GENERATE_INFOPLIST_FILE = YES;
				INFOPLIST_FILE = Abracadabra/Info.plist;
				INFOPLIST_KEY_LSApplicationCategoryType = "";
				INFOPLIST_KEY_NSCameraUsageDescription = "카메라 권한 허용";
				INFOPLIST_KEY_NSLocationWhenInUseUsageDescription = "버스정류장 찾기";
				"INFOPLIST_KEY_UIApplicationSceneManifest_Generation[sdk=iphoneos*]" = YES;
				"INFOPLIST_KEY_UIApplicationSceneManifest_Generation[sdk=iphonesimulator*]" = YES;
				"INFOPLIST_KEY_UIApplicationSupportsIndirectInputEvents[sdk=iphoneos*]" = YES;
				"INFOPLIST_KEY_UIApplicationSupportsIndirectInputEvents[sdk=iphonesimulator*]" = YES;
				"INFOPLIST_KEY_UILaunchScreen_Generation[sdk=iphoneos*]" = YES;
				"INFOPLIST_KEY_UILaunchScreen_Generation[sdk=iphonesimulator*]" = YES;
				"INFOPLIST_KEY_UIStatusBarStyle[sdk=iphoneos*]" = UIStatusBarStyleDefault;
				"INFOPLIST_KEY_UIStatusBarStyle[sdk=iphonesimulator*]" = UIStatusBarStyleDefault;
				INFOPLIST_KEY_UISupportedInterfaceOrientations_iPad = "UIInterfaceOrientationPortrait UIInterfaceOrientationPortraitUpsideDown UIInterfaceOrientationLandscapeLeft UIInterfaceOrientationLandscapeRight";
				INFOPLIST_KEY_UISupportedInterfaceOrientations_iPhone = "UIInterfaceOrientationPortrait UIInterfaceOrientationLandscapeLeft UIInterfaceOrientationLandscapeRight";
				IPHONEOS_DEPLOYMENT_TARGET = 17.5;
				LD_RUNPATH_SEARCH_PATHS = "$(inherited)";
				"LD_RUNPATH_SEARCH_PATHS[sdk=macosx*]" = "@executable_path/../Frameworks";
				MACOSX_DEPLOYMENT_TARGET = 14.0;
				MARKETING_VERSION = 1.0;
				PRODUCT_BUNDLE_IDENTIFIER = com.konkuk.Abracadabra1234;
				PRODUCT_NAME = "$(TARGET_NAME)";
				SDKROOT = auto;
				SUPPORTED_PLATFORMS = "iphoneos iphonesimulator macosx";
				SWIFT_EMIT_LOC_STRINGS = YES;
				SWIFT_VERSION = 5.0;
				TARGETED_DEVICE_FAMILY = "1,2";
			};
			name = Debug;
		};
		469FC3C42C69EB7A00C7B4DC /* Release */ = {
			isa = XCBuildConfiguration;
			baseConfigurationReference = 9E19278D06B145D3CF4350A3 /* Pods-Abracadabra.release.xcconfig */;
			buildSettings = {
				ALWAYS_EMBED_SWIFT_STANDARD_LIBRARIES = "$(inherited)";
				ASSETCATALOG_COMPILER_APPICON_NAME = AppIcon;
				ASSETCATALOG_COMPILER_GLOBAL_ACCENT_COLOR_NAME = AccentColor;
				CODE_SIGN_ENTITLEMENTS = Abracadabra/Abracadabra.entitlements;
				CODE_SIGN_STYLE = Automatic;
				CURRENT_PROJECT_VERSION = 1;
				DEVELOPMENT_ASSET_PATHS = "\"Abracadabra/Preview Content\"";
				DEVELOPMENT_TEAM = 2U4KNW67JZ;
				ENABLE_HARDENED_RUNTIME = YES;
				ENABLE_PREVIEWS = YES;
				ENABLE_USER_SCRIPT_SANDBOXING = NO;
				GENERATE_INFOPLIST_FILE = YES;
				INFOPLIST_FILE = Abracadabra/Info.plist;
				INFOPLIST_KEY_LSApplicationCategoryType = "";
				INFOPLIST_KEY_NSCameraUsageDescription = "카메라 권한 허용";
				INFOPLIST_KEY_NSLocationWhenInUseUsageDescription = "버스정류장 찾기";
				"INFOPLIST_KEY_UIApplicationSceneManifest_Generation[sdk=iphoneos*]" = YES;
				"INFOPLIST_KEY_UIApplicationSceneManifest_Generation[sdk=iphonesimulator*]" = YES;
				"INFOPLIST_KEY_UIApplicationSupportsIndirectInputEvents[sdk=iphoneos*]" = YES;
				"INFOPLIST_KEY_UIApplicationSupportsIndirectInputEvents[sdk=iphonesimulator*]" = YES;
				"INFOPLIST_KEY_UILaunchScreen_Generation[sdk=iphoneos*]" = YES;
				"INFOPLIST_KEY_UILaunchScreen_Generation[sdk=iphonesimulator*]" = YES;
				"INFOPLIST_KEY_UIStatusBarStyle[sdk=iphoneos*]" = UIStatusBarStyleDefault;
				"INFOPLIST_KEY_UIStatusBarStyle[sdk=iphonesimulator*]" = UIStatusBarStyleDefault;
				INFOPLIST_KEY_UISupportedInterfaceOrientations_iPad = "UIInterfaceOrientationPortrait UIInterfaceOrientationPortraitUpsideDown UIInterfaceOrientationLandscapeLeft UIInterfaceOrientationLandscapeRight";
				INFOPLIST_KEY_UISupportedInterfaceOrientations_iPhone = "UIInterfaceOrientationPortrait UIInterfaceOrientationLandscapeLeft UIInterfaceOrientationLandscapeRight";
				IPHONEOS_DEPLOYMENT_TARGET = 17.5;
				LD_RUNPATH_SEARCH_PATHS = "$(inherited)";
				"LD_RUNPATH_SEARCH_PATHS[sdk=macosx*]" = "@executable_path/../Frameworks";
				MACOSX_DEPLOYMENT_TARGET = 14.0;
				MARKETING_VERSION = 1.0;
				PRODUCT_BUNDLE_IDENTIFIER = com.konkuk.Abracadabra;
				PRODUCT_NAME = "$(TARGET_NAME)";
				SDKROOT = auto;
				SUPPORTED_PLATFORMS = "iphoneos iphonesimulator macosx";
				SWIFT_EMIT_LOC_STRINGS = YES;
				SWIFT_VERSION = 5.0;
				TARGETED_DEVICE_FAMILY = "1,2";
			};
			name = Release;
		};
/* End XCBuildConfiguration section */

/* Begin XCConfigurationList section */
		469FC3AC2C69EB7A00C7B4DC /* Build configuration list for PBXProject "Abracadabra" */ = {
			isa = XCConfigurationList;
			buildConfigurations = (
				469FC3C02C69EB7A00C7B4DC /* Debug */,
				469FC3C12C69EB7A00C7B4DC /* Release */,
			);
			defaultConfigurationIsVisible = 0;
			defaultConfigurationName = Release;
		};
		469FC3C22C69EB7A00C7B4DC /* Build configuration list for PBXNativeTarget "Abracadabra" */ = {
			isa = XCConfigurationList;
			buildConfigurations = (
				469FC3C32C69EB7A00C7B4DC /* Debug */,
				469FC3C42C69EB7A00C7B4DC /* Release */,
			);
			defaultConfigurationIsVisible = 0;
			defaultConfigurationName = Release;
		};
/* End XCConfigurationList section */
	};
	rootObject = 469FC3A92C69EB7A00C7B4DC /* Project object */;
}
